# This file is automatically @generated by Cargo.
# It is not intended for manual editing.
version = 4

[[package]]
name = "contacts_miniproject"
version = "0.1.0"

[[package]]
name = "enum_practice"
version = "0.1.0"

[[package]]
name = "error_handling_sandbox"
version = "0.1.0"

[[package]]
name = "grade_calculator"
version = "0.1.0"

[[package]]
name = "iterators_closures"
version = "0.1.0"

[[package]]
name = "library_mini_project"
version = "0.1.0"

[[package]]
name = "lifetimes_practice"
version = "0.1.0"

[[package]]
name = "ownership_sandbox"
version = "0.1.0"

[[package]]
name = "pattern_matching"
version = "0.1.0"

[[package]]
name = "payment_processing_traits"
version = "0.1.0"

[[package]]
name = "slices_practice"
version = "0.1.0"

[[package]]
name = "strcuts_practice"
version = "0.1.0"

[[package]]
name = "students_grade_manager"
version = "0.1.0"

[[package]]
name = "traits"
version = "0.1.0"
